
Microsoft Visual Studio Solution File, Format Version 12.00
# Visual Studio Version 17
VisualStudioVersion = 17.2.32526.322
MinimumVisualStudioVersion = 10.0.40219.1
Project("{FAE04EC0-301F-11D3-BF4B-00C04F79EFBC}") = "WPF_IZ", "WPF_IZ\WPF_IZ.csproj", "{EB995499-7051-4DCB-BDA8-497BDFDB1B9A}"
EndProject
Global
	GlobalSection(SolutionConfigurationPlatforms) = preSolution
		Debug|Any CPU = Debug|Any CPU
		Release|Any CPU = Release|Any CPU
	EndGlobalSection
	GlobalSection(ProjectConfigurationPlatforms) = postSolution
		{EB995499-7051-4DCB-BDA8-497BDFDB1B9A}.Debug|Any CPU.ActiveCfg = Debug|Any CPU
		{EB995499-7051-4DCB-BDA8-497BDFDB1B9A}.Debug|Any CPU.Build.0 = Debug|Any CPU
		{EB995499-7051-4DCB-BDA8-497BDFDB1B9A}.Release|Any CPU.ActiveCfg = Release|Any CPU
		{EB995499-7051-4DCB-BDA8-497BDFDB1B9A}.Release|Any CPU.Build.0 = Release|Any CPU
	EndGlobalSection
	GlobalSection(SolutionProperties) = preSolution
		HideSolutionNode = FALSE
	EndGlobalSection
	GlobalSection(ExtensibilityGlobals) = postSolution
		SolutionGuid = {A189279A-3A9F-4E71-97F3-AD7778C91C2E}
	EndGlobalSection
EndGlobal
